{
  "name": "github-copilot-eclipse",
  "version": "0.0.1",
  "lockfileVersion": 3,
  "requires": true,
  "packages": {
    "": {
      "name": "github-copilot-eclipse",
      "version": "0.0.1",
      "hasInstallScript": true,
      "dependencies": {
        "@github/copilot-language-server": "1.373.0",
        "@github/copilot-language-server-darwin-arm64": "1.373.0",
        "@github/copilot-language-server-darwin-x64": "1.373.0",
        "@github/copilot-language-server-linux-arm64": "1.373.0",
        "@github/copilot-language-server-linux-x64": "1.373.0",
        "@github/copilot-language-server-win32-x64": "1.373.0"
      }
    },
    "node_modules/@github/copilot-language-server": {
      "version": "1.373.0",
      "resolved": "https://registry.npmjs.org/@github/copilot-language-server/-/copilot-language-server-1.373.0.tgz",
      "integrity": "sha512-tcRyxEvm36M30x5v3u/OuPnPENZJsmbMkcY+6A45Fsr0ZtUJF7BtAS/Si/2QTCVJndA2Oi7taicIuqSDucAR/Q==",
      "license": "MIT",
      "dependencies": {
        "vscode-languageserver-protocol": "^3.17.5"
      },
      "bin": {
        "copilot-language-server": "dist/language-server.js"
      },
      "optionalDependencies": {
        "@github/copilot-language-server-darwin-arm64": "1.373.0",
        "@github/copilot-language-server-darwin-x64": "1.373.0",
        "@github/copilot-language-server-linux-arm64": "1.373.0",
        "@github/copilot-language-server-linux-x64": "1.373.0",
        "@github/copilot-language-server-win32-x64": "1.373.0"
      }
    },
    "node_modules/@github/copilot-language-server-darwin-arm64": {
      "version": "1.373.0",
      "resolved": "https://registry.npmjs.org/@github/copilot-language-server-darwin-arm64/-/copilot-language-server-darwin-arm64-1.373.0.tgz",
      "integrity": "sha512-pzZZnQX3jIYmQ0/LgcB54xfnbFTmCmymSL1v5OemH9qpG3Xi4ekTnRy/YRGStxHAbM5mvPX9QDJJ+/CFTvSBGg==",
      "cpu": [
        "arm64"
      ],
      "license": "MIT",
      "os": [
        "darwin"
      ]
    },
    "node_modules/@github/copilot-language-server-darwin-x64": {
      "version": "1.373.0",
      "resolved": "https://registry.npmjs.org/@github/copilot-language-server-darwin-x64/-/copilot-language-server-darwin-x64-1.373.0.tgz",
      "integrity": "sha512-1yfXy5cum7it3jUJ43ruymtj9StERUPEEY2nM9lCGgtv+Wn7ip0k2IFQvzfp/ql0FCivH0O954pqkrHO7GUYZg==",
      "cpu": [
        "x64"
      ],
      "license": "MIT",
      "os": [
        "darwin"
      ]
    },
    "node_modules/@github/copilot-language-server-linux-arm64": {
      "version": "1.373.0",
      "resolved": "https://registry.npmjs.org/@github/copilot-language-server-linux-arm64/-/copilot-language-server-linux-arm64-1.373.0.tgz",
      "integrity": "sha512-dijhk5AlP3SQuECFXEHyNlzGxV0HClWM3yP54pod8Wu3Yb6Xo5Ek9ClEiNPc1f0FOiVT3DJ0ldmtm6Tb2/2xTA==",
      "cpu": [
        "arm64"
      ],
      "license": "MIT",
      "os": [
        "linux"
      ]
    },
    "node_modules/@github/copilot-language-server-linux-x64": {
      "version": "1.373.0",
      "resolved": "https://registry.npmjs.org/@github/copilot-language-server-linux-x64/-/copilot-language-server-linux-x64-1.373.0.tgz",
      "integrity": "sha512-YCjhxglxPEneJUAycT90GWpNpswWsl1/RCYe7hG7lxKN6At0haE9XF/i/bisvwyqSBB9vUOFp2TB/XhwD9dQWg==",
      "cpu": [
        "x64"
      ],
      "license": "MIT",
      "os": [
        "linux"
      ]
    },
    "node_modules/@github/copilot-language-server-win32-x64": {
      "version": "1.373.0",
      "resolved": "https://registry.npmjs.org/@github/copilot-language-server-win32-x64/-/copilot-language-server-win32-x64-1.373.0.tgz",
      "integrity": "sha512-lxMIjKwVbpg2JAgo11Ddwv7i0FSgCxjC+2XG6f/3ItG8M0dRkGzJzVNl9sQaTbZPria8T4vNB9nRM0Lpe92LUA==",
      "cpu": [
        "x64"
      ],
      "license": "MIT",
      "os": [
        "win32"
      ]
    },
    "node_modules/vscode-jsonrpc": {
      "version": "8.2.0",
      "resolved": "https://registry.npmjs.org/vscode-jsonrpc/-/vscode-jsonrpc-8.2.0.tgz",
      "integrity": "sha512-C+r0eKJUIfiDIfwJhria30+TYWPtuHJXHtI7J0YlOmKAo7ogxP20T0zxB7HZQIFhIyvoBPwWskjxrvAtfjyZfA==",
      "license": "MIT",
      "engines": {
        "node": ">=14.0.0"
      }
    },
    "node_modules/vscode-languageserver-protocol": {
      "version": "3.17.5",
      "resolved": "https://registry.npmjs.org/vscode-languageserver-protocol/-/vscode-languageserver-protocol-3.17.5.tgz",
      "integrity": "sha512-mb1bvRJN8SVznADSGWM9u/b07H7Ecg0I3OgXDuLdn307rl/J3A9YD6/eYOssqhecL27hK1IPZAsaqh00i/Jljg==",
      "license": "MIT",
      "dependencies": {
        "vscode-jsonrpc": "8.2.0",
        "vscode-languageserver-types": "3.17.5"
      }
    },
    "node_modules/vscode-languageserver-types": {
      "version": "3.17.5",
      "resolved": "https://registry.npmjs.org/vscode-languageserver-types/-/vscode-languageserver-types-3.17.5.tgz",
      "integrity": "sha512-Ld1VelNuX9pdF39h2Hgaeb5hEZM2Z3jUrrMgWQAu82jMtZp7p3vJT3BzToKtZI7NgQssZje5o0zryOrhQvzQAg==",
      "license": "MIT"
    }
  }
}
