{
  "name": "github-copilot-eclipse",
  "version": "0.0.1",
  "lockfileVersion": 3,
  "requires": true,
  "packages": {
    "": {
      "name": "github-copilot-eclipse",
      "version": "0.0.1",
      "hasInstallScript": true,
      "dependencies": {
        "@github/copilot-language-server": "1.381.0",
        "@github/copilot-language-server-darwin-arm64": "1.381.0",
        "@github/copilot-language-server-darwin-x64": "1.381.0",
        "@github/copilot-language-server-linux-arm64": "1.381.0",
        "@github/copilot-language-server-linux-x64": "1.381.0",
        "@github/copilot-language-server-win32-x64": "1.381.0"
      }
    },
    "node_modules/@github/copilot-language-server": {
      "version": "1.381.0",
      "resolved": "https://registry.npmjs.org/@github/copilot-language-server/-/copilot-language-server-1.381.0.tgz",
      "integrity": "sha512-SIqpmcnm//jdVMyAn6xL4yfIIyJ5/Gzuo8gil0LjAsTNSl02jWx9scyAQFHgn8DIb42elgpJRPNDBwbL/1+Gmw==",
      "license": "MIT",
      "dependencies": {
        "vscode-languageserver-protocol": "^3.17.5"
      },
      "bin": {
        "copilot-language-server": "dist/language-server.js"
      },
      "optionalDependencies": {
        "@github/copilot-language-server-darwin-arm64": "1.381.0",
        "@github/copilot-language-server-darwin-x64": "1.381.0",
        "@github/copilot-language-server-linux-arm64": "1.381.0",
        "@github/copilot-language-server-linux-x64": "1.381.0",
        "@github/copilot-language-server-win32-x64": "1.381.0"
      }
    },
    "node_modules/@github/copilot-language-server-darwin-arm64": {
      "version": "1.381.0",
      "resolved": "https://registry.npmjs.org/@github/copilot-language-server-darwin-arm64/-/copilot-language-server-darwin-arm64-1.381.0.tgz",
      "integrity": "sha512-mmwUlTs8uWWpoj/cZVzPi6tvujB6Oo7K7uW61xcBlFQdiTu6h8lwt0I3YzdxyIPMtdYKYATloZ+lXzuOMjWtXw==",
      "cpu": [
        "arm64"
      ],
      "license": "MIT",
      "os": [
        "darwin"
      ]
    },
    "node_modules/@github/copilot-language-server-darwin-x64": {
      "version": "1.381.0",
      "resolved": "https://registry.npmjs.org/@github/copilot-language-server-darwin-x64/-/copilot-language-server-darwin-x64-1.381.0.tgz",
      "integrity": "sha512-V5vV7aPzQXMGlRMmVCeZt0JVrz6pQlTw9Y8zjua2dB1oMglSnF/bC8jULiXxBJbf+nryuU1UZdZkyYbOVCn1hg==",
      "cpu": [
        "x64"
      ],
      "license": "MIT",
      "os": [
        "darwin"
      ]
    },
    "node_modules/@github/copilot-language-server-linux-arm64": {
      "version": "1.381.0",
      "resolved": "https://registry.npmjs.org/@github/copilot-language-server-linux-arm64/-/copilot-language-server-linux-arm64-1.381.0.tgz",
      "integrity": "sha512-g1fR1LdgsG3rX6gwhpqgAlBUD5By6Dh3lu0TrxkPCPimMhzVmiq2iku1ijvEm6gZhyFLExoPPoR5fNZ72O2ZLA==",
      "cpu": [
        "arm64"
      ],
      "license": "MIT",
      "os": [
        "linux"
      ]
    },
    "node_modules/@github/copilot-language-server-linux-x64": {
      "version": "1.381.0",
      "resolved": "https://registry.npmjs.org/@github/copilot-language-server-linux-x64/-/copilot-language-server-linux-x64-1.381.0.tgz",
      "integrity": "sha512-O8kKl2Ir7RrEwRV4aGQJiAMV0VEbKm+eUKC7uyeCYW9cse1/1uNQDiGiaIM5cMdt9I39TGANOedddTrkdnkXLw==",
      "cpu": [
        "x64"
      ],
      "license": "MIT",
      "os": [
        "linux"
      ]
    },
    "node_modules/@github/copilot-language-server-win32-x64": {
      "version": "1.381.0",
      "resolved": "https://registry.npmjs.org/@github/copilot-language-server-win32-x64/-/copilot-language-server-win32-x64-1.381.0.tgz",
      "integrity": "sha512-T0g0lojZucFUhtTGEgNZm5qxQlZJApQt0HJg5UM4UegHgPudLNv3xjBH4nWKdAt85JABQiOf0LRqKd2bkLHsFw==",
      "cpu": [
        "x64"
      ],
      "license": "MIT",
      "os": [
        "win32"
      ]
    },
    "node_modules/vscode-jsonrpc": {
      "version": "8.2.0",
      "resolved": "https://registry.npmjs.org/vscode-jsonrpc/-/vscode-jsonrpc-8.2.0.tgz",
      "integrity": "sha512-C+r0eKJUIfiDIfwJhria30+TYWPtuHJXHtI7J0YlOmKAo7ogxP20T0zxB7HZQIFhIyvoBPwWskjxrvAtfjyZfA==",
      "license": "MIT",
      "engines": {
        "node": ">=14.0.0"
      }
    },
    "node_modules/vscode-languageserver-protocol": {
      "version": "3.17.5",
      "resolved": "https://registry.npmjs.org/vscode-languageserver-protocol/-/vscode-languageserver-protocol-3.17.5.tgz",
      "integrity": "sha512-mb1bvRJN8SVznADSGWM9u/b07H7Ecg0I3OgXDuLdn307rl/J3A9YD6/eYOssqhecL27hK1IPZAsaqh00i/Jljg==",
      "license": "MIT",
      "dependencies": {
        "vscode-jsonrpc": "8.2.0",
        "vscode-languageserver-types": "3.17.5"
      }
    },
    "node_modules/vscode-languageserver-types": {
      "version": "3.17.5",
      "resolved": "https://registry.npmjs.org/vscode-languageserver-types/-/vscode-languageserver-types-3.17.5.tgz",
      "integrity": "sha512-Ld1VelNuX9pdF39h2Hgaeb5hEZM2Z3jUrrMgWQAu82jMtZp7p3vJT3BzToKtZI7NgQssZje5o0zryOrhQvzQAg==",
      "license": "MIT"
    }
  }
}
