{
  "name": "github-copilot-eclipse",
  "version": "0.0.1",
  "lockfileVersion": 3,
  "requires": true,
  "packages": {
    "": {
      "name": "github-copilot-eclipse",
      "version": "0.0.1",
      "hasInstallScript": true,
      "dependencies": {
        "@github/copilot-language-server": "1.382.0",
        "@github/copilot-language-server-win32-x64": "1.382.0"
      }
    },
    "node_modules/@github/copilot-language-server": {
      "version": "1.382.0",
      "resolved": "https://registry.npmjs.org/@github/copilot-language-server/-/copilot-language-server-1.382.0.tgz",
      "integrity": "sha512-Xh0Chnhu6BdcUwycOcX03gUl5cM5EoNCQnuWs4np9/aM040AjHc/mMQoCJvrrZJOC4IZdDq21F4R15XdKaZaYw==",
      "license": "MIT",
      "dependencies": {
        "vscode-languageserver-protocol": "^3.17.5"
      },
      "bin": {
        "copilot-language-server": "dist/language-server.js"
      },
      "optionalDependencies": {
        "@github/copilot-language-server-darwin-arm64": "1.382.0",
        "@github/copilot-language-server-darwin-x64": "1.382.0",
        "@github/copilot-language-server-linux-arm64": "1.382.0",
        "@github/copilot-language-server-linux-x64": "1.382.0",
        "@github/copilot-language-server-win32-x64": "1.382.0"
      }
    },
    "node_modules/@github/copilot-language-server-darwin-arm64": {
      "version": "1.382.0",
      "resolved": "https://registry.npmjs.org/@github/copilot-language-server-darwin-arm64/-/copilot-language-server-darwin-arm64-1.382.0.tgz",
      "integrity": "sha512-DRdPE7Xyi1n9DiiV5l0hnr3Y/0n7TJEK+MsHivjfDouaLTDdAq9LZ2qsv0lOD3X3O+r37TEdZOGayk6aw8IOtQ==",
      "cpu": [
        "arm64"
      ],
      "license": "MIT",
      "optional": true,
      "os": [
        "darwin"
      ]
    },
    "node_modules/@github/copilot-language-server-darwin-x64": {
      "version": "1.382.0",
      "resolved": "https://registry.npmjs.org/@github/copilot-language-server-darwin-x64/-/copilot-language-server-darwin-x64-1.382.0.tgz",
      "integrity": "sha512-HdTrdNoVZiaVlqDUjo+7lCu1dsaOekU2+ohLoyPcw+t0aYLeFjCB/TQcJJraQKNVLylUQmxLj7czpkYuV+9VHw==",
      "cpu": [
        "x64"
      ],
      "license": "MIT",
      "optional": true,
      "os": [
        "darwin"
      ]
    },
    "node_modules/@github/copilot-language-server-linux-arm64": {
      "version": "1.382.0",
      "resolved": "https://registry.npmjs.org/@github/copilot-language-server-linux-arm64/-/copilot-language-server-linux-arm64-1.382.0.tgz",
      "integrity": "sha512-XZ7/zxSU4D4XIHDY3pPPA7z/aBXodkhat/Nj+kobuYV/9cu2fdko6JHtwdNwBM9Eq/r0P4ZySBvzU4PjpCa09g==",
      "cpu": [
        "arm64"
      ],
      "license": "MIT",
      "optional": true,
      "os": [
        "linux"
      ]
    },
    "node_modules/@github/copilot-language-server-linux-x64": {
      "version": "1.382.0",
      "resolved": "https://registry.npmjs.org/@github/copilot-language-server-linux-x64/-/copilot-language-server-linux-x64-1.382.0.tgz",
      "integrity": "sha512-z8lWk9a0rIgj/83Bgm5PdTUmqrnhHWXcIKktpLIFCOyh5NlgVN6eCNqkbu8/jZeJDLRUARif+WHH+tVhVp0K3Q==",
      "cpu": [
        "x64"
      ],
      "license": "MIT",
      "optional": true,
      "os": [
        "linux"
      ]
    },
    "node_modules/@github/copilot-language-server-win32-x64": {
      "version": "1.382.0",
      "resolved": "https://registry.npmjs.org/@github/copilot-language-server-win32-x64/-/copilot-language-server-win32-x64-1.382.0.tgz",
      "integrity": "sha512-vw/OTSeQU+qIe1cktjtiLvZ1nWvHit3SVcGZ8nSbGtTvAczMEe0ZQMcMws3VOSiaf53hiPPOLXicwBXPQ2v9QQ==",
      "cpu": [
        "x64"
      ],
      "license": "MIT",
      "os": [
        "win32"
      ]
    },
    "node_modules/vscode-jsonrpc": {
      "version": "8.2.0",
      "resolved": "https://registry.npmjs.org/vscode-jsonrpc/-/vscode-jsonrpc-8.2.0.tgz",
      "integrity": "sha512-C+r0eKJUIfiDIfwJhria30+TYWPtuHJXHtI7J0YlOmKAo7ogxP20T0zxB7HZQIFhIyvoBPwWskjxrvAtfjyZfA==",
      "license": "MIT",
      "engines": {
        "node": ">=14.0.0"
      }
    },
    "node_modules/vscode-languageserver-protocol": {
      "version": "3.17.5",
      "resolved": "https://registry.npmjs.org/vscode-languageserver-protocol/-/vscode-languageserver-protocol-3.17.5.tgz",
      "integrity": "sha512-mb1bvRJN8SVznADSGWM9u/b07H7Ecg0I3OgXDuLdn307rl/J3A9YD6/eYOssqhecL27hK1IPZAsaqh00i/Jljg==",
      "license": "MIT",
      "dependencies": {
        "vscode-jsonrpc": "8.2.0",
        "vscode-languageserver-types": "3.17.5"
      }
    },
    "node_modules/vscode-languageserver-types": {
      "version": "3.17.5",
      "resolved": "https://registry.npmjs.org/vscode-languageserver-types/-/vscode-languageserver-types-3.17.5.tgz",
      "integrity": "sha512-Ld1VelNuX9pdF39h2Hgaeb5hEZM2Z3jUrrMgWQAu82jMtZp7p3vJT3BzToKtZI7NgQssZje5o0zryOrhQvzQAg==",
      "license": "MIT"
    }
  }
}
